
Microsoft Visual Studio Solution File, Format Version 12.00
# Visual Studio 15
VisualStudioVersion = 15.0.28010.2003
MinimumVisualStudioVersion = 10.0.40219.1
Project("{FAE04EC0-301F-11D3-BF4B-00C04F79EFBC}") = "DAL", "DAL\DAL.csproj", "{04F5AC4E-8FC5-44E3-A7DB-057BA0F08BD4}"
EndProject
Project("{9A19103F-16F7-4668-BE54-9A1E7A4F7556}") = "Entities", "Entities\Entities.csproj", "{9F249646-1C9E-4594-B475-38961B1E86EB}"
EndProject
Project("{FAE04EC0-301F-11D3-BF4B-00C04F79EFBC}") = "Test", "Test\Test.csproj", "{D551D3D1-1136-4D60-B8B0-0E34A73A61F2}"
EndProject
Project("{FAE04EC0-301F-11D3-BF4B-00C04F79EFBC}") = "BLL", "BLL\BLL.csproj", "{B6E38F87-8380-487F-B404-65E86077A32B}"
EndProject
Project("{FAE04EC0-301F-11D3-BF4B-00C04F79EFBC}") = "Service", "Service\Service.csproj", "{BD3A61FA-1C8E-4E50-92A3-BD44932CACCF}"
EndProject
Project("{9A19103F-16F7-4668-BE54-9A1E7A4F7556}") = "NWindProxyService", "NWindProxyService\NWindProxyService.csproj", "{5D3FC14E-3631-4F52-B90A-54FEEE6AE5AE}"
EndProject
Project("{FAE04EC0-301F-11D3-BF4B-00C04F79EFBC}") = "NWindApp.Android", "NWindApp\NWindApp.Android\NWindApp.Android.csproj", "{9CABDF33-1160-4131-9CCC-933AB10166EE}"
EndProject
Project("{FAE04EC0-301F-11D3-BF4B-00C04F79EFBC}") = "NWindApp.iOS", "NWindApp\NWindApp.iOS\NWindApp.iOS.csproj", "{F7FB2623-B1F5-487B-BAB9-1B902717D4A1}"
EndProject
Project("{FAE04EC0-301F-11D3-BF4B-00C04F79EFBC}") = "NWindApp", "NWindApp\NWindApp\NWindApp.csproj", "{FDD76B73-C508-4625-8BD6-669D0A3FAEDF}"
EndProject
Global
	GlobalSection(SolutionConfigurationPlatforms) = preSolution
		Ad-Hoc|Any CPU = Ad-Hoc|Any CPU
		Ad-Hoc|iPhone = Ad-Hoc|iPhone
		Ad-Hoc|iPhoneSimulator = Ad-Hoc|iPhoneSimulator
		AppStore|Any CPU = AppStore|Any CPU
		AppStore|iPhone = AppStore|iPhone
		AppStore|iPhoneSimulator = AppStore|iPhoneSimulator
		Debug|Any CPU = Debug|Any CPU
		Debug|iPhone = Debug|iPhone
		Debug|iPhoneSimulator = Debug|iPhoneSimulator
		Release|Any CPU = Release|Any CPU
		Release|iPhone = Release|iPhone
		Release|iPhoneSimulator = Release|iPhoneSimulator
	EndGlobalSection
	GlobalSection(ProjectConfigurationPlatforms) = postSolution
		{04F5AC4E-8FC5-44E3-A7DB-057BA0F08BD4}.Ad-Hoc|Any CPU.ActiveCfg = Release|Any CPU
		{04F5AC4E-8FC5-44E3-A7DB-057BA0F08BD4}.Ad-Hoc|Any CPU.Build.0 = Release|Any CPU
		{04F5AC4E-8FC5-44E3-A7DB-057BA0F08BD4}.Ad-Hoc|iPhone.ActiveCfg = Release|Any CPU
		{04F5AC4E-8FC5-44E3-A7DB-057BA0F08BD4}.Ad-Hoc|iPhone.Build.0 = Release|Any CPU
		{04F5AC4E-8FC5-44E3-A7DB-057BA0F08BD4}.Ad-Hoc|iPhoneSimulator.ActiveCfg = Release|Any CPU
		{04F5AC4E-8FC5-44E3-A7DB-057BA0F08BD4}.Ad-Hoc|iPhoneSimulator.Build.0 = Release|Any CPU
		{04F5AC4E-8FC5-44E3-A7DB-057BA0F08BD4}.AppStore|Any CPU.ActiveCfg = Release|Any CPU
		{04F5AC4E-8FC5-44E3-A7DB-057BA0F08BD4}.AppStore|Any CPU.Build.0 = Release|Any CPU
		{04F5AC4E-8FC5-44E3-A7DB-057BA0F08BD4}.AppStore|iPhone.ActiveCfg = Release|Any CPU
		{04F5AC4E-8FC5-44E3-A7DB-057BA0F08BD4}.AppStore|iPhone.Build.0 = Release|Any CPU
		{04F5AC4E-8FC5-44E3-A7DB-057BA0F08BD4}.AppStore|iPhoneSimulator.ActiveCfg = Release|Any CPU
		{04F5AC4E-8FC5-44E3-A7DB-057BA0F08BD4}.AppStore|iPhoneSimulator.Build.0 = Release|Any CPU
		{04F5AC4E-8FC5-44E3-A7DB-057BA0F08BD4}.Debug|Any CPU.ActiveCfg = Debug|Any CPU
		{04F5AC4E-8FC5-44E3-A7DB-057BA0F08BD4}.Debug|Any CPU.Build.0 = Debug|Any CPU
		{04F5AC4E-8FC5-44E3-A7DB-057BA0F08BD4}.Debug|iPhone.ActiveCfg = Debug|Any CPU
		{04F5AC4E-8FC5-44E3-A7DB-057BA0F08BD4}.Debug|iPhone.Build.0 = Debug|Any CPU
		{04F5AC4E-8FC5-44E3-A7DB-057BA0F08BD4}.Debug|iPhoneSimulator.ActiveCfg = Debug|Any CPU
		{04F5AC4E-8FC5-44E3-A7DB-057BA0F08BD4}.Debug|iPhoneSimulator.Build.0 = Debug|Any CPU
		{04F5AC4E-8FC5-44E3-A7DB-057BA0F08BD4}.Release|Any CPU.ActiveCfg = Release|Any CPU
		{04F5AC4E-8FC5-44E3-A7DB-057BA0F08BD4}.Release|Any CPU.Build.0 = Release|Any CPU
		{04F5AC4E-8FC5-44E3-A7DB-057BA0F08BD4}.Release|iPhone.ActiveCfg = Release|Any CPU
		{04F5AC4E-8FC5-44E3-A7DB-057BA0F08BD4}.Release|iPhone.Build.0 = Release|Any CPU
		{04F5AC4E-8FC5-44E3-A7DB-057BA0F08BD4}.Release|iPhoneSimulator.ActiveCfg = Release|Any CPU
		{04F5AC4E-8FC5-44E3-A7DB-057BA0F08BD4}.Release|iPhoneSimulator.Build.0 = Release|Any CPU
		{9F249646-1C9E-4594-B475-38961B1E86EB}.Ad-Hoc|Any CPU.ActiveCfg = Release|Any CPU
		{9F249646-1C9E-4594-B475-38961B1E86EB}.Ad-Hoc|Any CPU.Build.0 = Release|Any CPU
		{9F249646-1C9E-4594-B475-38961B1E86EB}.Ad-Hoc|iPhone.ActiveCfg = Release|Any CPU
		{9F249646-1C9E-4594-B475-38961B1E86EB}.Ad-Hoc|iPhone.Build.0 = Release|Any CPU
		{9F249646-1C9E-4594-B475-38961B1E86EB}.Ad-Hoc|iPhoneSimulator.ActiveCfg = Release|Any CPU
		{9F249646-1C9E-4594-B475-38961B1E86EB}.Ad-Hoc|iPhoneSimulator.Build.0 = Release|Any CPU
		{9F249646-1C9E-4594-B475-38961B1E86EB}.AppStore|Any CPU.ActiveCfg = Release|Any CPU
		{9F249646-1C9E-4594-B475-38961B1E86EB}.AppStore|Any CPU.Build.0 = Release|Any CPU
		{9F249646-1C9E-4594-B475-38961B1E86EB}.AppStore|iPhone.ActiveCfg = Release|Any CPU
		{9F249646-1C9E-4594-B475-38961B1E86EB}.AppStore|iPhone.Build.0 = Release|Any CPU
		{9F249646-1C9E-4594-B475-38961B1E86EB}.AppStore|iPhoneSimulator.ActiveCfg = Release|Any CPU
		{9F249646-1C9E-4594-B475-38961B1E86EB}.AppStore|iPhoneSimulator.Build.0 = Release|Any CPU
		{9F249646-1C9E-4594-B475-38961B1E86EB}.Debug|Any CPU.ActiveCfg = Debug|Any CPU
		{9F249646-1C9E-4594-B475-38961B1E86EB}.Debug|Any CPU.Build.0 = Debug|Any CPU
		{9F249646-1C9E-4594-B475-38961B1E86EB}.Debug|iPhone.ActiveCfg = Debug|Any CPU
		{9F249646-1C9E-4594-B475-38961B1E86EB}.Debug|iPhone.Build.0 = Debug|Any CPU
		{9F249646-1C9E-4594-B475-38961B1E86EB}.Debug|iPhoneSimulator.ActiveCfg = Debug|Any CPU
		{9F249646-1C9E-4594-B475-38961B1E86EB}.Debug|iPhoneSimulator.Build.0 = Debug|Any CPU
		{9F249646-1C9E-4594-B475-38961B1E86EB}.Release|Any CPU.ActiveCfg = Release|Any CPU
		{9F249646-1C9E-4594-B475-38961B1E86EB}.Release|Any CPU.Build.0 = Release|Any CPU
		{9F249646-1C9E-4594-B475-38961B1E86EB}.Release|iPhone.ActiveCfg = Release|Any CPU
		{9F249646-1C9E-4594-B475-38961B1E86EB}.Release|iPhone.Build.0 = Release|Any CPU
		{9F249646-1C9E-4594-B475-38961B1E86EB}.Release|iPhoneSimulator.ActiveCfg = Release|Any CPU
		{9F249646-1C9E-4594-B475-38961B1E86EB}.Release|iPhoneSimulator.Build.0 = Release|Any CPU
		{D551D3D1-1136-4D60-B8B0-0E34A73A61F2}.Ad-Hoc|Any CPU.ActiveCfg = Release|Any CPU
		{D551D3D1-1136-4D60-B8B0-0E34A73A61F2}.Ad-Hoc|Any CPU.Build.0 = Release|Any CPU
		{D551D3D1-1136-4D60-B8B0-0E34A73A61F2}.Ad-Hoc|iPhone.ActiveCfg = Release|Any CPU
		{D551D3D1-1136-4D60-B8B0-0E34A73A61F2}.Ad-Hoc|iPhone.Build.0 = Release|Any CPU
		{D551D3D1-1136-4D60-B8B0-0E34A73A61F2}.Ad-Hoc|iPhoneSimulator.ActiveCfg = Release|Any CPU
		{D551D3D1-1136-4D60-B8B0-0E34A73A61F2}.Ad-Hoc|iPhoneSimulator.Build.0 = Release|Any CPU
		{D551D3D1-1136-4D60-B8B0-0E34A73A61F2}.AppStore|Any CPU.ActiveCfg = Release|Any CPU
		{D551D3D1-1136-4D60-B8B0-0E34A73A61F2}.AppStore|Any CPU.Build.0 = Release|Any CPU
		{D551D3D1-1136-4D60-B8B0-0E34A73A61F2}.AppStore|iPhone.ActiveCfg = Release|Any CPU
		{D551D3D1-1136-4D60-B8B0-0E34A73A61F2}.AppStore|iPhone.Build.0 = Release|Any CPU
		{D551D3D1-1136-4D60-B8B0-0E34A73A61F2}.AppStore|iPhoneSimulator.ActiveCfg = Release|Any CPU
		{D551D3D1-1136-4D60-B8B0-0E34A73A61F2}.AppStore|iPhoneSimulator.Build.0 = Release|Any CPU
		{D551D3D1-1136-4D60-B8B0-0E34A73A61F2}.Debug|Any CPU.ActiveCfg = Debug|Any CPU
		{D551D3D1-1136-4D60-B8B0-0E34A73A61F2}.Debug|Any CPU.Build.0 = Debug|Any CPU
		{D551D3D1-1136-4D60-B8B0-0E34A73A61F2}.Debug|iPhone.ActiveCfg = Debug|Any CPU
		{D551D3D1-1136-4D60-B8B0-0E34A73A61F2}.Debug|iPhone.Build.0 = Debug|Any CPU
		{D551D3D1-1136-4D60-B8B0-0E34A73A61F2}.Debug|iPhoneSimulator.ActiveCfg = Debug|Any CPU
		{D551D3D1-1136-4D60-B8B0-0E34A73A61F2}.Debug|iPhoneSimulator.Build.0 = Debug|Any CPU
		{D551D3D1-1136-4D60-B8B0-0E34A73A61F2}.Release|Any CPU.ActiveCfg = Release|Any CPU
		{D551D3D1-1136-4D60-B8B0-0E34A73A61F2}.Release|Any CPU.Build.0 = Release|Any CPU
		{D551D3D1-1136-4D60-B8B0-0E34A73A61F2}.Release|iPhone.ActiveCfg = Release|Any CPU
		{D551D3D1-1136-4D60-B8B0-0E34A73A61F2}.Release|iPhone.Build.0 = Release|Any CPU
		{D551D3D1-1136-4D60-B8B0-0E34A73A61F2}.Release|iPhoneSimulator.ActiveCfg = Release|Any CPU
		{D551D3D1-1136-4D60-B8B0-0E34A73A61F2}.Release|iPhoneSimulator.Build.0 = Release|Any CPU
		{B6E38F87-8380-487F-B404-65E86077A32B}.Ad-Hoc|Any CPU.ActiveCfg = Release|Any CPU
		{B6E38F87-8380-487F-B404-65E86077A32B}.Ad-Hoc|Any CPU.Build.0 = Release|Any CPU
		{B6E38F87-8380-487F-B404-65E86077A32B}.Ad-Hoc|iPhone.ActiveCfg = Release|Any CPU
		{B6E38F87-8380-487F-B404-65E86077A32B}.Ad-Hoc|iPhone.Build.0 = Release|Any CPU
		{B6E38F87-8380-487F-B404-65E86077A32B}.Ad-Hoc|iPhoneSimulator.ActiveCfg = Release|Any CPU
		{B6E38F87-8380-487F-B404-65E86077A32B}.Ad-Hoc|iPhoneSimulator.Build.0 = Release|Any CPU
		{B6E38F87-8380-487F-B404-65E86077A32B}.AppStore|Any CPU.ActiveCfg = Release|Any CPU
		{B6E38F87-8380-487F-B404-65E86077A32B}.AppStore|Any CPU.Build.0 = Release|Any CPU
		{B6E38F87-8380-487F-B404-65E86077A32B}.AppStore|iPhone.ActiveCfg = Release|Any CPU
		{B6E38F87-8380-487F-B404-65E86077A32B}.AppStore|iPhone.Build.0 = Release|Any CPU
		{B6E38F87-8380-487F-B404-65E86077A32B}.AppStore|iPhoneSimulator.ActiveCfg = Release|Any CPU
		{B6E38F87-8380-487F-B404-65E86077A32B}.AppStore|iPhoneSimulator.Build.0 = Release|Any CPU
		{B6E38F87-8380-487F-B404-65E86077A32B}.Debug|Any CPU.ActiveCfg = Debug|Any CPU
		{B6E38F87-8380-487F-B404-65E86077A32B}.Debug|Any CPU.Build.0 = Debug|Any CPU
		{B6E38F87-8380-487F-B404-65E86077A32B}.Debug|iPhone.ActiveCfg = Debug|Any CPU
		{B6E38F87-8380-487F-B404-65E86077A32B}.Debug|iPhone.Build.0 = Debug|Any CPU
		{B6E38F87-8380-487F-B404-65E86077A32B}.Debug|iPhoneSimulator.ActiveCfg = Debug|Any CPU
		{B6E38F87-8380-487F-B404-65E86077A32B}.Debug|iPhoneSimulator.Build.0 = Debug|Any CPU
		{B6E38F87-8380-487F-B404-65E86077A32B}.Release|Any CPU.ActiveCfg = Release|Any CPU
		{B6E38F87-8380-487F-B404-65E86077A32B}.Release|Any CPU.Build.0 = Release|Any CPU
		{B6E38F87-8380-487F-B404-65E86077A32B}.Release|iPhone.ActiveCfg = Release|Any CPU
		{B6E38F87-8380-487F-B404-65E86077A32B}.Release|iPhone.Build.0 = Release|Any CPU
		{B6E38F87-8380-487F-B404-65E86077A32B}.Release|iPhoneSimulator.ActiveCfg = Release|Any CPU
		{B6E38F87-8380-487F-B404-65E86077A32B}.Release|iPhoneSimulator.Build.0 = Release|Any CPU
		{BD3A61FA-1C8E-4E50-92A3-BD44932CACCF}.Ad-Hoc|Any CPU.ActiveCfg = Release|Any CPU
		{BD3A61FA-1C8E-4E50-92A3-BD44932CACCF}.Ad-Hoc|Any CPU.Build.0 = Release|Any CPU
		{BD3A61FA-1C8E-4E50-92A3-BD44932CACCF}.Ad-Hoc|iPhone.ActiveCfg = Release|Any CPU
		{BD3A61FA-1C8E-4E50-92A3-BD44932CACCF}.Ad-Hoc|iPhone.Build.0 = Release|Any CPU
		{BD3A61FA-1C8E-4E50-92A3-BD44932CACCF}.Ad-Hoc|iPhoneSimulator.ActiveCfg = Release|Any CPU
		{BD3A61FA-1C8E-4E50-92A3-BD44932CACCF}.Ad-Hoc|iPhoneSimulator.Build.0 = Release|Any CPU
		{BD3A61FA-1C8E-4E50-92A3-BD44932CACCF}.AppStore|Any CPU.ActiveCfg = Release|Any CPU
		{BD3A61FA-1C8E-4E50-92A3-BD44932CACCF}.AppStore|Any CPU.Build.0 = Release|Any CPU
		{BD3A61FA-1C8E-4E50-92A3-BD44932CACCF}.AppStore|iPhone.ActiveCfg = Release|Any CPU
		{BD3A61FA-1C8E-4E50-92A3-BD44932CACCF}.AppStore|iPhone.Build.0 = Release|Any CPU
		{BD3A61FA-1C8E-4E50-92A3-BD44932CACCF}.AppStore|iPhoneSimulator.ActiveCfg = Release|Any CPU
		{BD3A61FA-1C8E-4E50-92A3-BD44932CACCF}.AppStore|iPhoneSimulator.Build.0 = Release|Any CPU
		{BD3A61FA-1C8E-4E50-92A3-BD44932CACCF}.Debug|Any CPU.ActiveCfg = Debug|Any CPU
		{BD3A61FA-1C8E-4E50-92A3-BD44932CACCF}.Debug|Any CPU.Build.0 = Debug|Any CPU
		{BD3A61FA-1C8E-4E50-92A3-BD44932CACCF}.Debug|iPhone.ActiveCfg = Debug|Any CPU
		{BD3A61FA-1C8E-4E50-92A3-BD44932CACCF}.Debug|iPhone.Build.0 = Debug|Any CPU
		{BD3A61FA-1C8E-4E50-92A3-BD44932CACCF}.Debug|iPhoneSimulator.ActiveCfg = Debug|Any CPU
		{BD3A61FA-1C8E-4E50-92A3-BD44932CACCF}.Debug|iPhoneSimulator.Build.0 = Debug|Any CPU
		{BD3A61FA-1C8E-4E50-92A3-BD44932CACCF}.Release|Any CPU.ActiveCfg = Release|Any CPU
		{BD3A61FA-1C8E-4E50-92A3-BD44932CACCF}.Release|Any CPU.Build.0 = Release|Any CPU
		{BD3A61FA-1C8E-4E50-92A3-BD44932CACCF}.Release|iPhone.ActiveCfg = Release|Any CPU
		{BD3A61FA-1C8E-4E50-92A3-BD44932CACCF}.Release|iPhone.Build.0 = Release|Any CPU
		{BD3A61FA-1C8E-4E50-92A3-BD44932CACCF}.Release|iPhoneSimulator.ActiveCfg = Release|Any CPU
		{BD3A61FA-1C8E-4E50-92A3-BD44932CACCF}.Release|iPhoneSimulator.Build.0 = Release|Any CPU
		{5D3FC14E-3631-4F52-B90A-54FEEE6AE5AE}.Ad-Hoc|Any CPU.ActiveCfg = Release|Any CPU
		{5D3FC14E-3631-4F52-B90A-54FEEE6AE5AE}.Ad-Hoc|Any CPU.Build.0 = Release|Any CPU
		{5D3FC14E-3631-4F52-B90A-54FEEE6AE5AE}.Ad-Hoc|iPhone.ActiveCfg = Release|Any CPU
		{5D3FC14E-3631-4F52-B90A-54FEEE6AE5AE}.Ad-Hoc|iPhone.Build.0 = Release|Any CPU
		{5D3FC14E-3631-4F52-B90A-54FEEE6AE5AE}.Ad-Hoc|iPhoneSimulator.ActiveCfg = Release|Any CPU
		{5D3FC14E-3631-4F52-B90A-54FEEE6AE5AE}.Ad-Hoc|iPhoneSimulator.Build.0 = Release|Any CPU
		{5D3FC14E-3631-4F52-B90A-54FEEE6AE5AE}.AppStore|Any CPU.ActiveCfg = Release|Any CPU
		{5D3FC14E-3631-4F52-B90A-54FEEE6AE5AE}.AppStore|Any CPU.Build.0 = Release|Any CPU
		{5D3FC14E-3631-4F52-B90A-54FEEE6AE5AE}.AppStore|iPhone.ActiveCfg = Release|Any CPU
		{5D3FC14E-3631-4F52-B90A-54FEEE6AE5AE}.AppStore|iPhone.Build.0 = Release|Any CPU
		{5D3FC14E-3631-4F52-B90A-54FEEE6AE5AE}.AppStore|iPhoneSimulator.ActiveCfg = Release|Any CPU
		{5D3FC14E-3631-4F52-B90A-54FEEE6AE5AE}.AppStore|iPhoneSimulator.Build.0 = Release|Any CPU
		{5D3FC14E-3631-4F52-B90A-54FEEE6AE5AE}.Debug|Any CPU.ActiveCfg = Debug|Any CPU
		{5D3FC14E-3631-4F52-B90A-54FEEE6AE5AE}.Debug|Any CPU.Build.0 = Debug|Any CPU
		{5D3FC14E-3631-4F52-B90A-54FEEE6AE5AE}.Debug|iPhone.ActiveCfg = Debug|Any CPU
		{5D3FC14E-3631-4F52-B90A-54FEEE6AE5AE}.Debug|iPhone.Build.0 = Debug|Any CPU
		{5D3FC14E-3631-4F52-B90A-54FEEE6AE5AE}.Debug|iPhoneSimulator.ActiveCfg = Debug|Any CPU
		{5D3FC14E-3631-4F52-B90A-54FEEE6AE5AE}.Debug|iPhoneSimulator.Build.0 = Debug|Any CPU
		{5D3FC14E-3631-4F52-B90A-54FEEE6AE5AE}.Release|Any CPU.ActiveCfg = Release|Any CPU
		{5D3FC14E-3631-4F52-B90A-54FEEE6AE5AE}.Release|Any CPU.Build.0 = Release|Any CPU
		{5D3FC14E-3631-4F52-B90A-54FEEE6AE5AE}.Release|iPhone.ActiveCfg = Release|Any CPU
		{5D3FC14E-3631-4F52-B90A-54FEEE6AE5AE}.Release|iPhone.Build.0 = Release|Any CPU
		{5D3FC14E-3631-4F52-B90A-54FEEE6AE5AE}.Release|iPhoneSimulator.ActiveCfg = Release|Any CPU
		{5D3FC14E-3631-4F52-B90A-54FEEE6AE5AE}.Release|iPhoneSimulator.Build.0 = Release|Any CPU
		{9CABDF33-1160-4131-9CCC-933AB10166EE}.Ad-Hoc|Any CPU.ActiveCfg = Release|Any CPU
		{9CABDF33-1160-4131-9CCC-933AB10166EE}.Ad-Hoc|Any CPU.Build.0 = Release|Any CPU
		{9CABDF33-1160-4131-9CCC-933AB10166EE}.Ad-Hoc|Any CPU.Deploy.0 = Release|Any CPU
		{9CABDF33-1160-4131-9CCC-933AB10166EE}.Ad-Hoc|iPhone.ActiveCfg = Release|Any CPU
		{9CABDF33-1160-4131-9CCC-933AB10166EE}.Ad-Hoc|iPhone.Build.0 = Release|Any CPU
		{9CABDF33-1160-4131-9CCC-933AB10166EE}.Ad-Hoc|iPhone.Deploy.0 = Release|Any CPU
		{9CABDF33-1160-4131-9CCC-933AB10166EE}.Ad-Hoc|iPhoneSimulator.ActiveCfg = Release|Any CPU
		{9CABDF33-1160-4131-9CCC-933AB10166EE}.Ad-Hoc|iPhoneSimulator.Build.0 = Release|Any CPU
		{9CABDF33-1160-4131-9CCC-933AB10166EE}.Ad-Hoc|iPhoneSimulator.Deploy.0 = Release|Any CPU
		{9CABDF33-1160-4131-9CCC-933AB10166EE}.AppStore|Any CPU.ActiveCfg = Release|Any CPU
		{9CABDF33-1160-4131-9CCC-933AB10166EE}.AppStore|Any CPU.Build.0 = Release|Any CPU
		{9CABDF33-1160-4131-9CCC-933AB10166EE}.AppStore|Any CPU.Deploy.0 = Release|Any CPU
		{9CABDF33-1160-4131-9CCC-933AB10166EE}.AppStore|iPhone.ActiveCfg = Release|Any CPU
		{9CABDF33-1160-4131-9CCC-933AB10166EE}.AppStore|iPhone.Build.0 = Release|Any CPU
		{9CABDF33-1160-4131-9CCC-933AB10166EE}.AppStore|iPhone.Deploy.0 = Release|Any CPU
		{9CABDF33-1160-4131-9CCC-933AB10166EE}.AppStore|iPhoneSimulator.ActiveCfg = Release|Any CPU
		{9CABDF33-1160-4131-9CCC-933AB10166EE}.AppStore|iPhoneSimulator.Build.0 = Release|Any CPU
		{9CABDF33-1160-4131-9CCC-933AB10166EE}.AppStore|iPhoneSimulator.Deploy.0 = Release|Any CPU
		{9CABDF33-1160-4131-9CCC-933AB10166EE}.Debug|Any CPU.ActiveCfg = Debug|Any CPU
		{9CABDF33-1160-4131-9CCC-933AB10166EE}.Debug|Any CPU.Build.0 = Debug|Any CPU
		{9CABDF33-1160-4131-9CCC-933AB10166EE}.Debug|Any CPU.Deploy.0 = Debug|Any CPU
		{9CABDF33-1160-4131-9CCC-933AB10166EE}.Debug|iPhone.ActiveCfg = Debug|Any CPU
		{9CABDF33-1160-4131-9CCC-933AB10166EE}.Debug|iPhone.Build.0 = Debug|Any CPU
		{9CABDF33-1160-4131-9CCC-933AB10166EE}.Debug|iPhone.Deploy.0 = Debug|Any CPU
		{9CABDF33-1160-4131-9CCC-933AB10166EE}.Debug|iPhoneSimulator.ActiveCfg = Debug|Any CPU
		{9CABDF33-1160-4131-9CCC-933AB10166EE}.Debug|iPhoneSimulator.Build.0 = Debug|Any CPU
		{9CABDF33-1160-4131-9CCC-933AB10166EE}.Debug|iPhoneSimulator.Deploy.0 = Debug|Any CPU
		{9CABDF33-1160-4131-9CCC-933AB10166EE}.Release|Any CPU.ActiveCfg = Release|Any CPU
		{9CABDF33-1160-4131-9CCC-933AB10166EE}.Release|Any CPU.Build.0 = Release|Any CPU
		{9CABDF33-1160-4131-9CCC-933AB10166EE}.Release|Any CPU.Deploy.0 = Release|Any CPU
		{9CABDF33-1160-4131-9CCC-933AB10166EE}.Release|iPhone.ActiveCfg = Release|Any CPU
		{9CABDF33-1160-4131-9CCC-933AB10166EE}.Release|iPhone.Build.0 = Release|Any CPU
		{9CABDF33-1160-4131-9CCC-933AB10166EE}.Release|iPhone.Deploy.0 = Release|Any CPU
		{9CABDF33-1160-4131-9CCC-933AB10166EE}.Release|iPhoneSimulator.ActiveCfg = Release|Any CPU
		{9CABDF33-1160-4131-9CCC-933AB10166EE}.Release|iPhoneSimulator.Build.0 = Release|Any CPU
		{9CABDF33-1160-4131-9CCC-933AB10166EE}.Release|iPhoneSimulator.Deploy.0 = Release|Any CPU
		{F7FB2623-B1F5-487B-BAB9-1B902717D4A1}.Ad-Hoc|Any CPU.ActiveCfg = Ad-Hoc|iPhone
		{F7FB2623-B1F5-487B-BAB9-1B902717D4A1}.Ad-Hoc|iPhone.ActiveCfg = Ad-Hoc|iPhone
		{F7FB2623-B1F5-487B-BAB9-1B902717D4A1}.Ad-Hoc|iPhone.Build.0 = Ad-Hoc|iPhone
		{F7FB2623-B1F5-487B-BAB9-1B902717D4A1}.Ad-Hoc|iPhoneSimulator.ActiveCfg = Ad-Hoc|iPhoneSimulator
		{F7FB2623-B1F5-487B-BAB9-1B902717D4A1}.Ad-Hoc|iPhoneSimulator.Build.0 = Ad-Hoc|iPhoneSimulator
		{F7FB2623-B1F5-487B-BAB9-1B902717D4A1}.AppStore|Any CPU.ActiveCfg = AppStore|iPhone
		{F7FB2623-B1F5-487B-BAB9-1B902717D4A1}.AppStore|iPhone.ActiveCfg = AppStore|iPhone
		{F7FB2623-B1F5-487B-BAB9-1B902717D4A1}.AppStore|iPhone.Build.0 = AppStore|iPhone
		{F7FB2623-B1F5-487B-BAB9-1B902717D4A1}.AppStore|iPhoneSimulator.ActiveCfg = AppStore|iPhoneSimulator
		{F7FB2623-B1F5-487B-BAB9-1B902717D4A1}.AppStore|iPhoneSimulator.Build.0 = AppStore|iPhoneSimulator
		{F7FB2623-B1F5-487B-BAB9-1B902717D4A1}.Debug|Any CPU.ActiveCfg = Debug|iPhone
		{F7FB2623-B1F5-487B-BAB9-1B902717D4A1}.Debug|iPhone.ActiveCfg = Debug|iPhone
		{F7FB2623-B1F5-487B-BAB9-1B902717D4A1}.Debug|iPhone.Build.0 = Debug|iPhone
		{F7FB2623-B1F5-487B-BAB9-1B902717D4A1}.Debug|iPhoneSimulator.ActiveCfg = Debug|iPhoneSimulator
		{F7FB2623-B1F5-487B-BAB9-1B902717D4A1}.Debug|iPhoneSimulator.Build.0 = Debug|iPhoneSimulator
		{F7FB2623-B1F5-487B-BAB9-1B902717D4A1}.Release|Any CPU.ActiveCfg = Release|iPhone
		{F7FB2623-B1F5-487B-BAB9-1B902717D4A1}.Release|iPhone.ActiveCfg = Release|iPhone
		{F7FB2623-B1F5-487B-BAB9-1B902717D4A1}.Release|iPhone.Build.0 = Release|iPhone
		{F7FB2623-B1F5-487B-BAB9-1B902717D4A1}.Release|iPhoneSimulator.ActiveCfg = Release|iPhoneSimulator
		{F7FB2623-B1F5-487B-BAB9-1B902717D4A1}.Release|iPhoneSimulator.Build.0 = Release|iPhoneSimulator
		{FDD76B73-C508-4625-8BD6-669D0A3FAEDF}.Ad-Hoc|Any CPU.ActiveCfg = Debug|Any CPU
		{FDD76B73-C508-4625-8BD6-669D0A3FAEDF}.Ad-Hoc|Any CPU.Build.0 = Debug|Any CPU
		{FDD76B73-C508-4625-8BD6-669D0A3FAEDF}.Ad-Hoc|iPhone.ActiveCfg = Debug|Any CPU
		{FDD76B73-C508-4625-8BD6-669D0A3FAEDF}.Ad-Hoc|iPhone.Build.0 = Debug|Any CPU
		{FDD76B73-C508-4625-8BD6-669D0A3FAEDF}.Ad-Hoc|iPhoneSimulator.ActiveCfg = Debug|Any CPU
		{FDD76B73-C508-4625-8BD6-669D0A3FAEDF}.Ad-Hoc|iPhoneSimulator.Build.0 = Debug|Any CPU
		{FDD76B73-C508-4625-8BD6-669D0A3FAEDF}.AppStore|Any CPU.ActiveCfg = Debug|Any CPU
		{FDD76B73-C508-4625-8BD6-669D0A3FAEDF}.AppStore|Any CPU.Build.0 = Debug|Any CPU
		{FDD76B73-C508-4625-8BD6-669D0A3FAEDF}.AppStore|iPhone.ActiveCfg = Debug|Any CPU
		{FDD76B73-C508-4625-8BD6-669D0A3FAEDF}.AppStore|iPhone.Build.0 = Debug|Any CPU
		{FDD76B73-C508-4625-8BD6-669D0A3FAEDF}.AppStore|iPhoneSimulator.ActiveCfg = Debug|Any CPU
		{FDD76B73-C508-4625-8BD6-669D0A3FAEDF}.AppStore|iPhoneSimulator.Build.0 = Debug|Any CPU
		{FDD76B73-C508-4625-8BD6-669D0A3FAEDF}.Debug|Any CPU.ActiveCfg = Debug|Any CPU
		{FDD76B73-C508-4625-8BD6-669D0A3FAEDF}.Debug|Any CPU.Build.0 = Debug|Any CPU
		{FDD76B73-C508-4625-8BD6-669D0A3FAEDF}.Debug|iPhone.ActiveCfg = Debug|Any CPU
		{FDD76B73-C508-4625-8BD6-669D0A3FAEDF}.Debug|iPhone.Build.0 = Debug|Any CPU
		{FDD76B73-C508-4625-8BD6-669D0A3FAEDF}.Debug|iPhoneSimulator.ActiveCfg = Debug|Any CPU
		{FDD76B73-C508-4625-8BD6-669D0A3FAEDF}.Debug|iPhoneSimulator.Build.0 = Debug|Any CPU
		{FDD76B73-C508-4625-8BD6-669D0A3FAEDF}.Release|Any CPU.ActiveCfg = Release|Any CPU
		{FDD76B73-C508-4625-8BD6-669D0A3FAEDF}.Release|Any CPU.Build.0 = Release|Any CPU
		{FDD76B73-C508-4625-8BD6-669D0A3FAEDF}.Release|iPhone.ActiveCfg = Release|Any CPU
		{FDD76B73-C508-4625-8BD6-669D0A3FAEDF}.Release|iPhone.Build.0 = Release|Any CPU
		{FDD76B73-C508-4625-8BD6-669D0A3FAEDF}.Release|iPhoneSimulator.ActiveCfg = Release|Any CPU
		{FDD76B73-C508-4625-8BD6-669D0A3FAEDF}.Release|iPhoneSimulator.Build.0 = Release|Any CPU
	EndGlobalSection
	GlobalSection(SolutionProperties) = preSolution
		HideSolutionNode = FALSE
	EndGlobalSection
	GlobalSection(ExtensibilityGlobals) = postSolution
		SolutionGuid = {5941F811-F75C-4DBF-94C8-021578A1AFD8}
	EndGlobalSection
EndGlobal
